// !$*UTF8*$!
{
	archiveVersion = 1;
	classes = {
	};
	objectVersion = 46;
	objects = {

/* Begin PBXBuildFile section */
		6D8932C11AE4053E004C899E /* MBFileDownloader.m in Sources */ = {isa = PBXBuildFile; fileRef = 6D8932C01AE4053E004C899E /* MBFileDownloader.m */; };
		6DABE2991AE4040200647910 /* main.m in Sources */ = {isa = PBXBuildFile; fileRef = 6DABE2981AE4040200647910 /* main.m */; };
		6DABE29C1AE4040200647910 /* AppDelegate.m in Sources */ = {isa = PBXBuildFile; fileRef = 6DABE29B1AE4040200647910 /* AppDelegate.m */; };
		6DABE29F1AE4040200647910 /* ViewController.m in Sources */ = {isa = PBXBuildFile; fileRef = 6DABE29E1AE4040200647910 /* ViewController.m */; };
		6DABE2A21AE4040200647910 /* Main.storyboard in Resources */ = {isa = PBXBuildFile; fileRef = 6DABE2A01AE4040200647910 /* Main.storyboard */; };
		6DABE2A41AE4040200647910 /* Images.xcassets in Resources */ = {isa = PBXBuildFile; fileRef = 6DABE2A31AE4040200647910 /* Images.xcassets */; };
		6DABE2A71AE4040200647910 /* LaunchScreen.xib in Resources */ = {isa = PBXBuildFile; fileRef = 6DABE2A51AE4040200647910 /* LaunchScreen.xib */; };
		6DABE2B31AE4040200647910 /* MBFileDownloaderTests.m in Sources */ = {isa = PBXBuildFile; fileRef = 6DABE2B21AE4040200647910 /* MBFileDownloaderTests.m */; };
/* End PBXBuildFile section */

/* Begin PBXContainerItemProxy section */
		6DABE2AD1AE4040200647910 /* PBXContainerItemProxy */ = {
			isa = PBXContainerItemProxy;
			containerPortal = 6DABE28B1AE4040200647910 /* Project object */;
			proxyType = 1;
			remoteGlobalIDString = 6DABE2921AE4040200647910;
			remoteInfo = MBFileDownloader;
		};
/* End PBXContainerItemProxy section */

/* Begin PBXFileReference section */
		6D8932BF1AE4053E004C899E /* MBFileDownloader.h */ = {isa = PBXFileReference; fileEncoding = 4; lastKnownFileType = sourcecode.c.h; path = MBFileDownloader.h; sourceTree = "<group>"; };
		6D8932C01AE4053E004C899E /* MBFileDownloader.m */ = {isa = PBXFileReference; fileEncoding = 4; lastKnownFileType = sourcecode.c.objc; path = MBFileDownloader.m; sourceTree = "<group>"; };
		6DABE2931AE4040200647910 /* MBFileDownloader.app */ = {isa = PBXFileReference; explicitFileType = wrapper.application; includeInIndex = 0; path = MBFileDownloader.app; sourceTree = BUILT_PRODUCTS_DIR; };
		6DABE2971AE4040200647910 /* Info.plist */ = {isa = PBXFileReference; lastKnownFileType = text.plist.xml; path = Info.plist; sourceTree = "<group>"; };
		6DABE2981AE4040200647910 /* main.m */ = {isa = PBXFileReference; lastKnownFileType = sourcecode.c.objc; path = main.m; sourceTree = "<group>"; };
		6DABE29A1AE4040200647910 /* AppDelegate.h */ = {isa = PBXFileReference; lastKnownFileType = sourcecode.c.h; path = AppDelegate.h; sourceTree = "<group>"; };
		6DABE29B1AE4040200647910 /* AppDelegate.m */ = {isa = PBXFileReference; lastKnownFileType = sourcecode.c.objc; path = AppDelegate.m; sourceTree = "<group>"; };
		6DABE29D1AE4040200647910 /* ViewController.h */ = {isa = PBXFileReference; lastKnownFileType = sourcecode.c.h; path = ViewController.h; sourceTree = "<group>"; };
		6DABE29E1AE4040200647910 /* ViewController.m */ = {isa = PBXFileReference; lastKnownFileType = sourcecode.c.objc; path = ViewController.m; sourceTree = "<group>"; };
		6DABE2A11AE4040200647910 /* Base */ = {isa = PBXFileReference; lastKnownFileType = file.storyboard; name = Base; path = Base.lproj/Main.storyboard; sourceTree = "<group>"; };
		6DABE2A31AE4040200647910 /* Images.xcassets */ = {isa = PBXFileReference; lastKnownFileType = folder.assetcatalog; path = Images.xcassets; sourceTree = "<group>"; };
		6DABE2A61AE4040200647910 /* Base */ = {isa = PBXFileReference; lastKnownFileType = file.xib; name = Base; path = Base.lproj/LaunchScreen.xib; sourceTree = "<group>"; };
		6DABE2AC1AE4040200647910 /* MBFileDownloaderTests.xctest */ = {isa = PBXFileReference; explicitFileType = wrapper.cfbundle; includeInIndex = 0; path = MBFileDownloaderTests.xctest; sourceTree = BUILT_PRODUCTS_DIR; };
		6DABE2B11AE4040200647910 /* Info.plist */ = {isa = PBXFileReference; lastKnownFileType = text.plist.xml; path = Info.plist; sourceTree = "<group>"; };
		6DABE2B21AE4040200647910 /* MBFileDownloaderTests.m */ = {isa = PBXFileReference; lastKnownFileType = sourcecode.c.objc; path = MBFileDownloaderTests.m; sourceTree = "<group>"; };
/* End PBXFileReference section */

/* Begin PBXFrameworksBuildPhase section */
		6DABE2901AE4040200647910 /* Frameworks */ = {
			isa = PBXFrameworksBuildPhase;
			buildActionMask = 2147483647;
			files = (
			);
			runOnlyForDeploymentPostprocessing = 0;
		};
		6DABE2A91AE4040200647910 /* Frameworks */ = {
			isa = PBXFrameworksBuildPhase;
			buildActionMask = 2147483647;
			files = (
			);
			runOnlyForDeploymentPostprocessing = 0;
		};
/* End PBXFrameworksBuildPhase section */

/* Begin PBXGroup section */
		6D8932BE1AE40528004C899E /* Sources */ = {
			isa = PBXGroup;
			children = (
				6D8932BF1AE4053E004C899E /* MBFileDownloader.h */,
				6D8932C01AE4053E004C899E /* MBFileDownloader.m */,
			);
			path = Sources;
			sourceTree = "<group>";
		};
		6DABE28A1AE4040200647910 = {
			isa = PBXGroup;
			children = (
				6DABE2951AE4040200647910 /* MBFileDownloader */,
				6DABE2AF1AE4040200647910 /* MBFileDownloaderTests */,
				6DABE2941AE4040200647910 /* Products */,
			);
			sourceTree = "<group>";
		};
		6DABE2941AE4040200647910 /* Products */ = {
			isa = PBXGroup;
			children = (
				6DABE2931AE4040200647910 /* MBFileDownloader.app */,
				6DABE2AC1AE4040200647910 /* MBFileDownloaderTests.xctest */,
			);
			name = Products;
			sourceTree = "<group>";
		};
		6DABE2951AE4040200647910 /* MBFileDownloader */ = {
			isa = PBXGroup;
			children = (
				6D8932BE1AE40528004C899E /* Sources */,
				6DABE29A1AE4040200647910 /* AppDelegate.h */,
				6DABE29B1AE4040200647910 /* AppDelegate.m */,
				6DABE29D1AE4040200647910 /* ViewController.h */,
				6DABE29E1AE4040200647910 /* ViewController.m */,
				6DABE2A01AE4040200647910 /* Main.storyboard */,
				6DABE2A31AE4040200647910 /* Images.xcassets */,
				6DABE2A51AE4040200647910 /* LaunchScreen.xib */,
				6DABE2961AE4040200647910 /* Supporting Files */,
			);
			path = MBFileDownloader;
			sourceTree = "<group>";
		};
		6DABE2961AE4040200647910 /* Supporting Files */ = {
			isa = PBXGroup;
			children = (
				6DABE2971AE4040200647910 /* Info.plist */,
				6DABE2981AE4040200647910 /* main.m */,
			);
			name = "Supporting Files";
			sourceTree = "<group>";
		};
		6DABE2AF1AE4040200647910 /* MBFileDownloaderTests */ = {
			isa = PBXGroup;
			children = (
				6DABE2B21AE4040200647910 /* MBFileDownloaderTests.m */,
				6DABE2B01AE4040200647910 /* Supporting Files */,
			);
			path = MBFileDownloaderTests;
			sourceTree = "<group>";
		};
		6DABE2B01AE4040200647910 /* Supporting Files */ = {
			isa = PBXGroup;
			children = (
				6DABE2B11AE4040200647910 /* Info.plist */,
			);
			name = "Supporting Files";
			sourceTree = "<group>";
		};
/* End PBXGroup section */

/* Begin PBXNativeTarget section */
		6DABE2921AE4040200647910 /* MBFileDownloader */ = {
			isa = PBXNativeTarget;
			buildConfigurationList = 6DABE2B61AE4040200647910 /* Build configuration list for PBXNativeTarget "MBFileDownloader" */;
			buildPhases = (
				6DABE28F1AE4040200647910 /* Sources */,
				6DABE2901AE4040200647910 /* Frameworks */,
				6DABE2911AE4040200647910 /* Resources */,
			);
			buildRules = (
			);
			dependencies = (
			);
			name = MBFileDownloader;
			productName = MBFileDownloader;
			productReference = 6DABE2931AE4040200647910 /* MBFileDownloader.app */;
			productType = "com.apple.product-type.application";
		};
		6DABE2AB1AE4040200647910 /* MBFileDownloaderTests */ = {
			isa = PBXNativeTarget;
			buildConfigurationList = 6DABE2B91AE4040200647910 /* Build configuration list for PBXNativeTarget "MBFileDownloaderTests" */;
			buildPhases = (
				6DABE2A81AE4040200647910 /* Sources */,
				6DABE2A91AE4040200647910 /* Frameworks */,
				6DABE2AA1AE4040200647910 /* Resources */,
			);
			buildRules = (
			);
			dependencies = (
				6DABE2AE1AE4040200647910 /* PBXTargetDependency */,
			);
			name = MBFileDownloaderTests;
			productName = MBFileDownloaderTests;
			productReference = 6DABE2AC1AE4040200647910 /* MBFileDownloaderTests.xctest */;
			productType = "com.apple.product-type.bundle.unit-test";
		};
/* End PBXNativeTarget section */

/* Begin PBXProject section */
		6DABE28B1AE4040200647910 /* Project object */ = {
			isa = PBXProject;
			attributes = {
				LastUpgradeCheck = 0700;
				ORGANIZATIONNAME = "Maxim Bilan";
				TargetAttributes = {
					6DABE2921AE4040200647910 = {
						CreatedOnToolsVersion = 6.3;
					};
					6DABE2AB1AE4040200647910 = {
						CreatedOnToolsVersion = 6.3;
						TestTargetID = 6DABE2921AE4040200647910;
					};
				};
			};
			buildConfigurationList = 6DABE28E1AE4040200647910 /* Build configuration list for PBXProject "MBFileDownloader" */;
			compatibilityVersion = "Xcode 3.2";
			developmentRegion = English;
			hasScannedForEncodings = 0;
			knownRegions = (
				en,
				Base,
			);
			mainGroup = 6DABE28A1AE4040200647910;
			productRefGroup = 6DABE2941AE4040200647910 /* Products */;
			projectDirPath = "";
			projectRoot = "";
			targets = (
				6DABE2921AE4040200647910 /* MBFileDownloader */,
				6DABE2AB1AE4040200647910 /* MBFileDownloaderTests */,
			);
		};
/* End PBXProject section */

/* Begin PBXResourcesBuildPhase section */
		6DABE2911AE4040200647910 /* Resources */ = {
			isa = PBXResourcesBuildPhase;
			buildActionMask = 2147483647;
			files = (
				6DABE2A21AE4040200647910 /* Main.storyboard in Resources */,
				6DABE2A71AE4040200647910 /* LaunchScreen.xib in Resources */,
				6DABE2A41AE4040200647910 /* Images.xcassets in Resources */,
			);
			runOnlyForDeploymentPostprocessing = 0;
		};
		6DABE2AA1AE4040200647910 /* Resources */ = {
			isa = PBXResourcesBuildPhase;
			buildActionMask = 2147483647;
			files = (
			);
			runOnlyForDeploymentPostprocessing = 0;
		};
/* End PBXResourcesBuildPhase section */

/* Begin PBXSourcesBuildPhase section */
		6DABE28F1AE4040200647910 /* Sources */ = {
			isa = PBXSourcesBuildPhase;
			buildActionMask = 2147483647;
			files = (
				6DABE29F1AE4040200647910 /* ViewController.m in Sources */,
				6DABE29C1AE4040200647910 /* AppDelegate.m in Sources */,
				6DABE2991AE4040200647910 /* main.m in Sources */,
				6D8932C11AE4053E004C899E /* MBFileDownloader.m in Sources */,
			);
			runOnlyForDeploymentPostprocessing = 0;
		};
		6DABE2A81AE4040200647910 /* Sources */ = {
			isa = PBXSourcesBuildPhase;
			buildActionMask = 2147483647;
			files = (
				6DABE2B31AE4040200647910 /* MBFileDownloaderTests.m in Sources */,
			);
			runOnlyForDeploymentPostprocessing = 0;
		};
/* End PBXSourcesBuildPhase section */

/* Begin PBXTargetDependency section */
		6DABE2AE1AE4040200647910 /* PBXTargetDependency */ = {
			isa = PBXTargetDependency;
			target = 6DABE2921AE4040200647910 /* MBFileDownloader */;
			targetProxy = 6DABE2AD1AE4040200647910 /* PBXContainerItemProxy */;
		};
/* End PBXTargetDependency section */

/* Begin PBXVariantGroup section */
		6DABE2A01AE4040200647910 /* Main.storyboard */ = {
			isa = PBXVariantGroup;
			children = (
				6DABE2A11AE4040200647910 /* Base */,
			);
			name = Main.storyboard;
			sourceTree = "<group>";
		};
		6DABE2A51AE4040200647910 /* LaunchScreen.xib */ = {
			isa = PBXVariantGroup;
			children = (
				6DABE2A61AE4040200647910 /* Base */,
			);
			name = LaunchScreen.xib;
			sourceTree = "<group>";
		};
/* End PBXVariantGroup section */

/* Begin XCBuildConfiguration section */
		6DABE2B41AE4040200647910 /* Debug */ = {
			isa = XCBuildConfiguration;
			buildSettings = {
				ALWAYS_SEARCH_USER_PATHS = NO;
				CLANG_CXX_LANGUAGE_STANDARD = "gnu++0x";
				CLANG_CXX_LIBRARY = "libc++";
				CLANG_ENABLE_MODULES = YES;
				CLANG_ENABLE_OBJC_ARC = YES;
				CLANG_WARN_BOOL_CONVERSION = YES;
				CLANG_WARN_CONSTANT_CONVERSION = YES;
				CLANG_WARN_DIRECT_OBJC_ISA_USAGE = YES_ERROR;
				CLANG_WARN_EMPTY_BODY = YES;
				CLANG_WARN_ENUM_CONVERSION = YES;
				CLANG_WARN_INT_CONVERSION = YES;
				CLANG_WARN_OBJC_ROOT_CLASS = YES_ERROR;
				CLANG_WARN_UNREACHABLE_CODE = YES;
				CLANG_WARN__DUPLICATE_METHOD_MATCH = YES;
				"CODE_SIGN_IDENTITY[sdk=iphoneos*]" = "iPhone Developer";
				COPY_PHASE_STRIP = NO;
				DEBUG_INFORMATION_FORMAT = "dwarf-with-dsym";
				ENABLE_STRICT_OBJC_MSGSEND = YES;
				ENABLE_TESTABILITY = YES;
				GCC_C_LANGUAGE_STANDARD = gnu99;
				GCC_DYNAMIC_NO_PIC = NO;
				GCC_NO_COMMON_BLOCKS = YES;
				GCC_OPTIMIZATION_LEVEL = 0;
				GCC_PREPROCESSOR_DEFINITIONS = (
					"DEBUG=1",
					"$(inherited)",
				);
				GCC_SYMBOLS_PRIVATE_EXTERN = NO;
				GCC_WARN_64_TO_32_BIT_CONVERSION = YES;
				GCC_WARN_ABOUT_RETURN_TYPE = YES_ERROR;
				GCC_WARN_UNDECLARED_SELECTOR = YES;
				GCC_WARN_UNINITIALIZED_AUTOS = YES_AGGRESSIVE;
				GCC_WARN_UNUSED_FUNCTION = YES;
				GCC_WARN_UNUSED_VARIABLE = YES;
				IPHONEOS_DEPLOYMENT_TARGET = 8.3;
				MTL_ENABLE_DEBUG_INFO = YES;
				ONLY_ACTIVE_ARCH = YES;
				SDKROOT = iphoneos;
				TARGETED_DEVICE_FAMILY = "1,2";
			};
			name = Debug;
		};
		6DABE2B51AE4040200647910 /* Release */ = {
			isa = XCBuildConfiguration;
			buildSettings = {
				ALWAYS_SEARCH_USER_PATHS = NO;
				CLANG_CXX_LANGUAGE_STANDARD = "gnu++0x";
				CLANG_CXX_LIBRARY = "libc++";
				CLANG_ENABLE_MODULES = YES;
				CLANG_ENABLE_OBJC_ARC = YES;
				CLANG_WARN_BOOL_CONVERSION = YES;
				CLANG_WARN_CONSTANT_CONVERSION = YES;
				CLANG_WARN_DIRECT_OBJC_ISA_USAGE = YES_ERROR;
				CLANG_WARN_EMPTY_BODY = YES;
				CLANG_WARN_ENUM_CONVERSION = YES;
				CLANG_WARN_INT_CONVERSION = YES;
				CLANG_WARN_OBJC_ROOT_CLASS = YES_ERROR;
				CLANG_WARN_UNREACHABLE_CODE = YES;
				CLANG_WARN__DUPLICATE_METHOD_MATCH = YES;
				"CODE_SIGN_IDENTITY[sdk=iphoneos*]" = "iPhone Developer";
				COPY_PHASE_STRIP = NO;
				DEBUG_INFORMATION_FORMAT = "dwarf-with-dsym";
				ENABLE_NS_ASSERTIONS = NO;
				ENABLE_STRICT_OBJC_MSGSEND = YES;
				GCC_C_LANGUAGE_STANDARD = gnu99;
				GCC_NO_COMMON_BLOCKS = YES;
				GCC_WARN_64_TO_32_BIT_CONVERSION = YES;
				GCC_WARN_ABOUT_RETURN_TYPE = YES_ERROR;
				GCC_WARN_UNDECLARED_SELECTOR = YES;
				GCC_WARN_UNINITIALIZED_AUTOS = YES_AGGRESSIVE;
				GCC_WARN_UNUSED_FUNCTION = YES;
				GCC_WARN_UNUSED_VARIABLE = YES;
				IPHONEOS_DEPLOYMENT_TARGET = 8.3;
				MTL_ENABLE_DEBUG_INFO = NO;
				SDKROOT = iphoneos;
				TARGETED_DEVICE_FAMILY = "1,2";
				VALIDATE_PRODUCT = YES;
			};
			name = Release;
		};
		6DABE2B71AE4040200647910 /* Debug */ = {
			isa = XCBuildConfiguration;
			buildSettings = {
				ASSETCATALOG_COMPILER_APPICON_NAME = AppIcon;
				INFOPLIST_FILE = MBFileDownloader/Info.plist;
				LD_RUNPATH_SEARCH_PATHS = "$(inherited) @executable_path/Frameworks";
				PRODUCT_BUNDLE_IDENTIFIER = "maximbilan.$(PRODUCT_NAME:rfc1034identifier)";
				PRODUCT_NAME = "$(TARGET_NAME)";
			};
			name = Debug;
		};
		6DABE2B81AE4040200647910 /* Release */ = {
			isa = XCBuildConfiguration;
			buildSettings = {
				ASSETCATALOG_COMPILER_APPICON_NAME = AppIcon;
				INFOPLIST_FILE = MBFileDownloader/Info.plist;
				LD_RUNPATH_SEARCH_PATHS = "$(inherited) @executable_path/Frameworks";
				PRODUCT_BUNDLE_IDENTIFIER = "maximbilan.$(PRODUCT_NAME:rfc1034identifier)";
				PRODUCT_NAME = "$(TARGET_NAME)";
			};
			name = Release;
		};
		6DABE2BA1AE4040200647910 /* Debug */ = {
			isa = XCBuildConfiguration;
			buildSettings = {
				BUNDLE_LOADER = "$(TEST_HOST)";
				FRAMEWORK_SEARCH_PATHS = "$(inherited)";
				GCC_PREPROCESSOR_DEFINITIONS = (
					"DEBUG=1",
					"$(inherited)",
				);
				INFOPLIST_FILE = MBFileDownloaderTests/Info.plist;
				LD_RUNPATH_SEARCH_PATHS = "$(inherited) @executable_path/Frameworks @loader_path/Frameworks";
				PRODUCT_BUNDLE_IDENTIFIER = "maximbilan.$(PRODUCT_NAME:rfc1034identifier)";
				PRODUCT_NAME = "$(TARGET_NAME)";
				TEST_HOST = "$(BUILT_PRODUCTS_DIR)/MBFileDownloader.app/MBFileDownloader";
			};
			name = Debug;
		};
		6DABE2BB1AE4040200647910 /* Release */ = {
			isa = XCBuildConfiguration;
			buildSettings = {
				BUNDLE_LOADER = "$(TEST_HOST)";
				FRAMEWORK_SEARCH_PATHS = "$(inherited)";
				INFOPLIST_FILE = MBFileDownloaderTests/Info.plist;
				LD_RUNPATH_SEARCH_PATHS = "$(inherited) @executable_path/Frameworks @loader_path/Frameworks";
				PRODUCT_BUNDLE_IDENTIFIER = "maximbilan.$(PRODUCT_NAME:rfc1034identifier)";
				PRODUCT_NAME = "$(TARGET_NAME)";
				TEST_HOST = "$(BUILT_PRODUCTS_DIR)/MBFileDownloader.app/MBFileDownloader";
			};
			name = Release;
		};
/* End XCBuildConfiguration section */

/* Begin XCConfigurationList section */
		6DABE28E1AE4040200647910 /* Build configuration list for PBXProject "MBFileDownloader" */ = {
			isa = XCConfigurationList;
			buildConfigurations = (
				6DABE2B41AE4040200647910 /* Debug */,
				6DABE2B51AE4040200647910 /* Release */,
			);
			defaultConfigurationIsVisible = 0;
			defaultConfigurationName = Release;
		};
		6DABE2B61AE4040200647910 /* Build configuration list for PBXNativeTarget "MBFileDownloader" */ = {
			isa = XCConfigurationList;
			buildConfigurations = (
				6DABE2B71AE4040200647910 /* Debug */,
				6DABE2B81AE4040200647910 /* Release */,
			);
			defaultConfigurationIsVisible = 0;
			defaultConfigurationName = Release;
		};
		6DABE2B91AE4040200647910 /* Build configuration list for PBXNativeTarget "MBFileDownloaderTests" */ = {
			isa = XCConfigurationList;
			buildConfigurations = (
				6DABE2BA1AE4040200647910 /* Debug */,
				6DABE2BB1AE4040200647910 /* Release */,
			);
			defaultConfigurationIsVisible = 0;
			defaultConfigurationName = Release;
		};
/* End XCConfigurationList section */
	};
	rootObject = 6DABE28B1AE4040200647910 /* Project object */;
}
